
Microsoft Visual Studio Solution File, Format Version 12.00
# Visual Studio Version 16
VisualStudioVersion = 16.0.29009.5
MinimumVisualStudioVersion = 10.0.40219.1
Project("{FAE04EC0-301F-11D3-BF4B-00C04F79EFBC}") = "KirjahyllyProjekti", "KirjahyllyProjekti\KirjahyllyProjekti.csproj", "{AB1BD4EE-4700-4279-A9C3-6CA73736C83E}"
EndProject
Global
	GlobalSection(SolutionConfigurationPlatforms) = preSolution
		Debug|Any CPU = Debug|Any CPU
		Release|Any CPU = Release|Any CPU
	EndGlobalSection
	GlobalSection(ProjectConfigurationPlatforms) = postSolution
		{AB1BD4EE-4700-4279-A9C3-6CA73736C83E}.Debug|Any CPU.ActiveCfg = Debug|Any CPU
		{AB1BD4EE-4700-4279-A9C3-6CA73736C83E}.Debug|Any CPU.Build.0 = Debug|Any CPU
		{AB1BD4EE-4700-4279-A9C3-6CA73736C83E}.Release|Any CPU.ActiveCfg = Release|Any CPU
		{AB1BD4EE-4700-4279-A9C3-6CA73736C83E}.Release|Any CPU.Build.0 = Release|Any CPU
	EndGlobalSection
	GlobalSection(SolutionProperties) = preSolution
		HideSolutionNode = FALSE
	EndGlobalSection
	GlobalSection(ExtensibilityGlobals) = postSolution
		SolutionGuid = {923B2226-0BAE-4AFB-80CA-B0039A5099F5}
	EndGlobalSection
EndGlobal
